org.apache.avro:avro:jar:1.7.5
org.codehaus.jackson:jackson-core-asl:jar:1.9.13
org.codehaus.jackson:jackson-mapper-asl:jar:1.9.13
com.thoughtworks.paranamer:paranamer:jar:2.3
org.xerial.snappy:snappy-java:jar:1.0.5
org.apache.commons:commons-compress:jar:1.4.1
org.tukaani:xz:jar:1.0
org.slf4j:slf4j-api:jar:1.6.4
com.identified.data:avro-schemas:jar:0.0.1-20131113.000649-50
